
Microsoft Visual Studio Solution File, Format Version 12.00
# Visual Studio Version 16
VisualStudioVersion = 16.0.31613.86
MinimumVisualStudioVersion = 10.0.40219.1
Project("{8BC9CEB8-8B4A-11D0-8D11-00A0C91BC942}") = "Lab 1-1", "Lab 1-1\Lab 1-1.vcxproj", "{067DE2A6-ACA9-40F7-AAA5-CF5006DDE9CE}"
EndProject
Global
	GlobalSection(SolutionConfigurationPlatforms) = preSolution
		Debug|x64 = Debug|x64
		Debug|x86 = Debug|x86
		Release|x64 = Release|x64
		Release|x86 = Release|x86
	EndGlobalSection
	GlobalSection(ProjectConfigurationPlatforms) = postSolution
		{067DE2A6-ACA9-40F7-AAA5-CF5006DDE9CE}.Debug|x64.ActiveCfg = Debug|x64
		{067DE2A6-ACA9-40F7-AAA5-CF5006DDE9CE}.Debug|x64.Build.0 = Debug|x64
		{067DE2A6-ACA9-40F7-AAA5-CF5006DDE9CE}.Debug|x86.ActiveCfg = Debug|Win32
		{067DE2A6-ACA9-40F7-AAA5-CF5006DDE9CE}.Debug|x86.Build.0 = Debug|Win32
		{067DE2A6-ACA9-40F7-AAA5-CF5006DDE9CE}.Release|x64.ActiveCfg = Release|x64
		{067DE2A6-ACA9-40F7-AAA5-CF5006DDE9CE}.Release|x64.Build.0 = Release|x64
		{067DE2A6-ACA9-40F7-AAA5-CF5006DDE9CE}.Release|x86.ActiveCfg = Release|Win32
		{067DE2A6-ACA9-40F7-AAA5-CF5006DDE9CE}.Release|x86.Build.0 = Release|Win32
	EndGlobalSection
	GlobalSection(SolutionProperties) = preSolution
		HideSolutionNode = FALSE
	EndGlobalSection
	GlobalSection(ExtensibilityGlobals) = postSolution
		SolutionGuid = {4552A29E-C664-498C-A6AC-E788DCFA4AF8}
	EndGlobalSection
EndGlobal
